{
  "object": {
    "pins": [
      {
        "package": "Alamofire",
        "repositoryURL": "https://github.com/Alamofire/Alamofire",
        "state": {
          "branch": null,
          "revision": "eaf6e622dd41b07b251d8f01752eab31bc811493",
          "version": "5.4.1"
        }
      },
      {
        "package": "GRDB",
        "repositoryURL": "https://github.com/groue/GRDB.swift",
        "state": {
          "branch": null,
          "revision": "ae3c491661c4dd6771d996beb6fc869f4520701f",
          "version": "5.6.0"
        }
      },
      {
        "package": "KeyboardShortcuts",
        "repositoryURL": "https://github.com/sindresorhus/KeyboardShortcuts",
        "state": {
          "branch": null,
          "revision": "f09de800a4f05d66fe2a9924c81a932454a9f39a",
          "version": "0.7.1"
        }
      },
      {
        "package": "LaunchAtLogin",
        "repositoryURL": "https://github.com/sindresorhus/LaunchAtLogin",
        "state": {
          "branch": null,
          "revision": "0f39982b9d6993eef253b81219d3c39ba1e680f3",
          "version": "4.0.0"
        }
      },
      {
        "package": "Preferences",
        "repositoryURL": "https://github.com/sindresorhus/Preferences",
        "state": {
          "branch": null,
          "revision": "886324b2f1ba58d9cda745a6dd53253179d73433",
          "version": "2.2.1"
        }
      },
      {
        "package": "SwiftSoup",
        "repositoryURL": "https://github.com/scinfu/SwiftSoup",
        "state": {
          "branch": null,
          "revision": "774dc9c7213085db8aa59595e27c1cd22e428904",
          "version": "2.3.2"
        }
      },
      {
        "package": "UIColor_Hex_Swift",
        "repositoryURL": "https://github.com/yeahdongcn/UIColor-Hex-Swift",
        "state": {
          "branch": null,
          "revision": "7043811d77df477bf0df3e3bc4269cbd44b3f1a4",
          "version": "5.1.1"
        }
      },
      {
        "package": "UIImageColors",
        "repositoryURL": "https://github.com/YuAo/UIImageColors",
        "state": {
          "branch": "patch-1",
          "revision": "a2eec3f8650778ab0267658fa01a3d2f634d80bd",
          "version": null
        }
      }
    ]
  },
  "version": 1
}
