// !$*UTF8*$!
{
	archiveVersion = 1;
	classes = {
	};
	objectVersion = 52;
	objects = {

/* Begin PBXBuildFile section */
		5509296F26059E29001971F9 /* String+Extensions.swift in Sources */ = {isa = PBXBuildFile; fileRef = 5509296E26059E29001971F9 /* String+Extensions.swift */; };
		550929732605A294001971F9 /* FileURLStruct.swift in Sources */ = {isa = PBXBuildFile; fileRef = 550929722605A294001971F9 /* FileURLStruct.swift */; };
		550929772605A56A001971F9 /* FileURLView.swift in Sources */ = {isa = PBXBuildFile; fileRef = 550929762605A56A001971F9 /* FileURLView.swift */; };
		5509297A2605F041001971F9 /* SnippetContentTable.swift in Sources */ = {isa = PBXBuildFile; fileRef = 550929792605F041001971F9 /* SnippetContentTable.swift */; };
		5509297E2605F0C3001971F9 /* GRDB in Frameworks */ = {isa = PBXBuildFile; productRef = 5509297D2605F0C3001971F9 /* GRDB */; };
		555033112603325600D5F7C5 /* NSColor+Extensions.swift in Sources */ = {isa = PBXBuildFile; fileRef = 555033102603325600D5F7C5 /* NSColor+Extensions.swift */; };
		55682718260511E00081F54B /* UIColor_Hex_Swift in Frameworks */ = {isa = PBXBuildFile; productRef = 55682717260511E00081F54B /* UIColor_Hex_Swift */; };
		5568271B2605167E0081F54B /* URLWithMetadatas.swift in Sources */ = {isa = PBXBuildFile; fileRef = 5568271A2605167E0081F54B /* URLWithMetadatas.swift */; };
		5568271F260519120081F54B /* SwiftSoup in Frameworks */ = {isa = PBXBuildFile; productRef = 5568271E260519120081F54B /* SwiftSoup */; };
		556827232605192A0081F54B /* Alamofire in Frameworks */ = {isa = PBXBuildFile; productRef = 556827222605192A0081F54B /* Alamofire */; };
		55682726260528C30081F54B /* ContentURLView.swift in Sources */ = {isa = PBXBuildFile; fileRef = 55682725260528C30081F54B /* ContentURLView.swift */; };
		5577CBC12604488400B56776 /* Preferences in Frameworks */ = {isa = PBXBuildFile; productRef = 5577CBC02604488400B56776 /* Preferences */; };
		5577CBC52604489B00B56776 /* KeyboardShortcuts in Frameworks */ = {isa = PBXBuildFile; productRef = 5577CBC42604489B00B56776 /* KeyboardShortcuts */; };
		5577CBC8260448ED00B56776 /* PreferencesView.swift in Sources */ = {isa = PBXBuildFile; fileRef = 5577CBC7260448ED00B56776 /* PreferencesView.swift */; };
		5577CBCC26044BF900B56776 /* LaunchAtLogin in Frameworks */ = {isa = PBXBuildFile; productRef = 5577CBCB26044BF900B56776 /* LaunchAtLogin */; };
		5577CBCF26044C7800B56776 /* KeyboardShortcuts.Name+Extensions.swift in Sources */ = {isa = PBXBuildFile; fileRef = 5577CBCE26044C7800B56776 /* KeyboardShortcuts.Name+Extensions.swift */; };
		5577CBD52604671600B56776 /* AttributedText.swift in Sources */ = {isa = PBXBuildFile; fileRef = 5577CBD42604671600B56776 /* AttributedText.swift */; };
		55C3FB2325FDEAEE0052E75C /* AppDelegate.swift in Sources */ = {isa = PBXBuildFile; fileRef = 55C3FB2225FDEAEE0052E75C /* AppDelegate.swift */; };
		55C3FB2525FDEAEE0052E75C /* ContentView.swift in Sources */ = {isa = PBXBuildFile; fileRef = 55C3FB2425FDEAEE0052E75C /* ContentView.swift */; };
		55C3FB2725FDEAF20052E75C /* Assets.xcassets in Resources */ = {isa = PBXBuildFile; fileRef = 55C3FB2625FDEAF20052E75C /* Assets.xcassets */; };
		55C3FB2A25FDEAF20052E75C /* Preview Assets.xcassets in Resources */ = {isa = PBXBuildFile; fileRef = 55C3FB2925FDEAF20052E75C /* Preview Assets.xcassets */; };
		55C3FB2D25FDEAF20052E75C /* Main.storyboard in Resources */ = {isa = PBXBuildFile; fileRef = 55C3FB2B25FDEAF20052E75C /* Main.storyboard */; };
		55C6764B26021A0A006CCE15 /* ClipboardElement.swift in Sources */ = {isa = PBXBuildFile; fileRef = 55C6764A26021A0A006CCE15 /* ClipboardElement.swift */; };
		55C6765026025688006CCE15 /* NSNotification.Name+Extensions.swift in Sources */ = {isa = PBXBuildFile; fileRef = 55C6764F26025688006CCE15 /* NSNotification.Name+Extensions.swift */; };
		55C6765526025A89006CCE15 /* SnippetItem.swift in Sources */ = {isa = PBXBuildFile; fileRef = 55C6765426025A89006CCE15 /* SnippetItem.swift */; };
		55C6765A26032377006CCE15 /* SnippetContentType.swift in Sources */ = {isa = PBXBuildFile; fileRef = 55C6765926032377006CCE15 /* SnippetContentType.swift */; };
		55C6765D26032B5E006CCE15 /* Array+Extensions.swift in Sources */ = {isa = PBXBuildFile; fileRef = 55C6765C26032B5E006CCE15 /* Array+Extensions.swift */; };
		55C79AD826063C3100ED8AD7 /* Constants.swift in Sources */ = {isa = PBXBuildFile; fileRef = 55C79AD726063C3100ED8AD7 /* Constants.swift */; };
		55C79AE626065F8D00ED8AD7 /* SnippetItems.swift in Sources */ = {isa = PBXBuildFile; fileRef = 55C79AE526065F8D00ED8AD7 /* SnippetItems.swift */; };
		55C79AEE260664AF00ED8AD7 /* .gitignore in Resources */ = {isa = PBXBuildFile; fileRef = 55C79AED260664AF00ED8AD7 /* .gitignore */; };
		55C79AF12607095400ED8AD7 /* DatabasePool+Extensions.swift in Sources */ = {isa = PBXBuildFile; fileRef = 55C79AF02607095300ED8AD7 /* DatabasePool+Extensions.swift */; };
		55DF4F202608F79C0044DC73 /* PDFView.swift in Sources */ = {isa = PBXBuildFile; fileRef = 55DF4F1F2608F79C0044DC73 /* PDFView.swift */; };
		55E535492603609A00B8D42C /* UIImageColors in Frameworks */ = {isa = PBXBuildFile; productRef = 55E535482603609A00B8D42C /* UIImageColors */; };
		55E53555260362F500B8D42C /* LICENSE in Resources */ = {isa = PBXBuildFile; fileRef = 55E53554260362F500B8D42C /* LICENSE */; };
		55E53558260363A400B8D42C /* VisualEffectView.swift in Sources */ = {isa = PBXBuildFile; fileRef = 55E53557260363A400B8D42C /* VisualEffectView.swift */; };
/* End PBXBuildFile section */

/* Begin PBXFileReference section */
		5509296E26059E29001971F9 /* String+Extensions.swift */ = {isa = PBXFileReference; lastKnownFileType = sourcecode.swift; path = "String+Extensions.swift"; sourceTree = "<group>"; };
		550929722605A294001971F9 /* FileURLStruct.swift */ = {isa = PBXFileReference; lastKnownFileType = sourcecode.swift; path = FileURLStruct.swift; sourceTree = "<group>"; };
		550929762605A56A001971F9 /* FileURLView.swift */ = {isa = PBXFileReference; lastKnownFileType = sourcecode.swift; path = FileURLView.swift; sourceTree = "<group>"; };
		550929792605F041001971F9 /* SnippetContentTable.swift */ = {isa = PBXFileReference; lastKnownFileType = sourcecode.swift; path = SnippetContentTable.swift; sourceTree = "<group>"; };
		555033102603325600D5F7C5 /* NSColor+Extensions.swift */ = {isa = PBXFileReference; lastKnownFileType = sourcecode.swift; path = "NSColor+Extensions.swift"; sourceTree = "<group>"; };
		5568271A2605167E0081F54B /* URLWithMetadatas.swift */ = {isa = PBXFileReference; lastKnownFileType = sourcecode.swift; path = URLWithMetadatas.swift; sourceTree = "<group>"; };
		55682725260528C30081F54B /* ContentURLView.swift */ = {isa = PBXFileReference; lastKnownFileType = sourcecode.swift; path = ContentURLView.swift; sourceTree = "<group>"; };
		5577CBC7260448ED00B56776 /* PreferencesView.swift */ = {isa = PBXFileReference; lastKnownFileType = sourcecode.swift; path = PreferencesView.swift; sourceTree = "<group>"; };
		5577CBCE26044C7800B56776 /* KeyboardShortcuts.Name+Extensions.swift */ = {isa = PBXFileReference; lastKnownFileType = sourcecode.swift; path = "KeyboardShortcuts.Name+Extensions.swift"; sourceTree = "<group>"; };
		5577CBD42604671600B56776 /* AttributedText.swift */ = {isa = PBXFileReference; lastKnownFileType = sourcecode.swift; path = AttributedText.swift; sourceTree = "<group>"; };
		55C3FB1F25FDEAEE0052E75C /* Paste-alt-rewrite.app */ = {isa = PBXFileReference; explicitFileType = wrapper.application; includeInIndex = 0; path = "Paste-alt-rewrite.app"; sourceTree = BUILT_PRODUCTS_DIR; };
		55C3FB2225FDEAEE0052E75C /* AppDelegate.swift */ = {isa = PBXFileReference; lastKnownFileType = sourcecode.swift; path = AppDelegate.swift; sourceTree = "<group>"; };
		55C3FB2425FDEAEE0052E75C /* ContentView.swift */ = {isa = PBXFileReference; lastKnownFileType = sourcecode.swift; path = ContentView.swift; sourceTree = "<group>"; };
		55C3FB2625FDEAF20052E75C /* Assets.xcassets */ = {isa = PBXFileReference; lastKnownFileType = folder.assetcatalog; path = Assets.xcassets; sourceTree = "<group>"; };
		55C3FB2925FDEAF20052E75C /* Preview Assets.xcassets */ = {isa = PBXFileReference; lastKnownFileType = folder.assetcatalog; path = "Preview Assets.xcassets"; sourceTree = "<group>"; };
		55C3FB2C25FDEAF20052E75C /* Base */ = {isa = PBXFileReference; lastKnownFileType = file.storyboard; name = Base; path = Base.lproj/Main.storyboard; sourceTree = "<group>"; };
		55C3FB2E25FDEAF20052E75C /* Info.plist */ = {isa = PBXFileReference; lastKnownFileType = text.plist.xml; path = Info.plist; sourceTree = "<group>"; };
		55C3FB2F25FDEAF20052E75C /* Paste_alt_rewrite.entitlements */ = {isa = PBXFileReference; lastKnownFileType = text.plist.entitlements; path = Paste_alt_rewrite.entitlements; sourceTree = "<group>"; };
		55C6764A26021A0A006CCE15 /* ClipboardElement.swift */ = {isa = PBXFileReference; lastKnownFileType = sourcecode.swift; path = ClipboardElement.swift; sourceTree = "<group>"; };
		55C6764F26025688006CCE15 /* NSNotification.Name+Extensions.swift */ = {isa = PBXFileReference; lastKnownFileType = sourcecode.swift; path = "NSNotification.Name+Extensions.swift"; sourceTree = "<group>"; };
		55C6765426025A89006CCE15 /* SnippetItem.swift */ = {isa = PBXFileReference; lastKnownFileType = sourcecode.swift; path = SnippetItem.swift; sourceTree = "<group>"; };
		55C6765926032377006CCE15 /* SnippetContentType.swift */ = {isa = PBXFileReference; lastKnownFileType = sourcecode.swift; path = SnippetContentType.swift; sourceTree = "<group>"; };
		55C6765C26032B5E006CCE15 /* Array+Extensions.swift */ = {isa = PBXFileReference; lastKnownFileType = sourcecode.swift; path = "Array+Extensions.swift"; sourceTree = "<group>"; };
		55C79AD726063C3100ED8AD7 /* Constants.swift */ = {isa = PBXFileReference; lastKnownFileType = sourcecode.swift; path = Constants.swift; sourceTree = "<group>"; };
		55C79AE526065F8D00ED8AD7 /* SnippetItems.swift */ = {isa = PBXFileReference; lastKnownFileType = sourcecode.swift; path = SnippetItems.swift; sourceTree = "<group>"; };
		55C79AE8260661AE00ED8AD7 /* README.md */ = {isa = PBXFileReference; lastKnownFileType = net.daringfireball.markdown; path = README.md; sourceTree = "<group>"; };
		55C79AED260664AF00ED8AD7 /* .gitignore */ = {isa = PBXFileReference; lastKnownFileType = text; path = .gitignore; sourceTree = "<group>"; };
		55C79AF02607095300ED8AD7 /* DatabasePool+Extensions.swift */ = {isa = PBXFileReference; lastKnownFileType = sourcecode.swift; path = "DatabasePool+Extensions.swift"; sourceTree = "<group>"; };
		55DF4F1F2608F79C0044DC73 /* PDFView.swift */ = {isa = PBXFileReference; lastKnownFileType = sourcecode.swift; path = PDFView.swift; sourceTree = "<group>"; };
		55E53554260362F500B8D42C /* LICENSE */ = {isa = PBXFileReference; lastKnownFileType = text; path = LICENSE; sourceTree = "<group>"; };
		55E53557260363A400B8D42C /* VisualEffectView.swift */ = {isa = PBXFileReference; lastKnownFileType = sourcecode.swift; path = VisualEffectView.swift; sourceTree = "<group>"; };
/* End PBXFileReference section */

/* Begin PBXFrameworksBuildPhase section */
		55C3FB1C25FDEAEE0052E75C /* Frameworks */ = {
			isa = PBXFrameworksBuildPhase;
			buildActionMask = 2147483647;
			files = (
				55E535492603609A00B8D42C /* UIImageColors in Frameworks */,
				556827232605192A0081F54B /* Alamofire in Frameworks */,
				5577CBC12604488400B56776 /* Preferences in Frameworks */,
				5509297E2605F0C3001971F9 /* GRDB in Frameworks */,
				5577CBCC26044BF900B56776 /* LaunchAtLogin in Frameworks */,
				55682718260511E00081F54B /* UIColor_Hex_Swift in Frameworks */,
				5577CBC52604489B00B56776 /* KeyboardShortcuts in Frameworks */,
				5568271F260519120081F54B /* SwiftSoup in Frameworks */,
			);
			runOnlyForDeploymentPostprocessing = 0;
		};
/* End PBXFrameworksBuildPhase section */

/* Begin PBXGroup section */
		550929712605A204001971F9 /* Classes */ = {
			isa = PBXGroup;
			children = (
				5568271A2605167E0081F54B /* URLWithMetadatas.swift */,
				550929792605F041001971F9 /* SnippetContentTable.swift */,
				55C79AE526065F8D00ED8AD7 /* SnippetItems.swift */,
			);
			path = Classes;
			sourceTree = "<group>";
		};
		55C3FB1625FDEAEE0052E75C = {
			isa = PBXGroup;
			children = (
				55C79AED260664AF00ED8AD7 /* .gitignore */,
				55C79AE8260661AE00ED8AD7 /* README.md */,
				55E53554260362F500B8D42C /* LICENSE */,
				55C3FB2125FDEAEE0052E75C /* Paste-alt-rewrite */,
				55C3FB2025FDEAEE0052E75C /* Products */,
			);
			sourceTree = "<group>";
		};
		55C3FB2025FDEAEE0052E75C /* Products */ = {
			isa = PBXGroup;
			children = (
				55C3FB1F25FDEAEE0052E75C /* Paste-alt-rewrite.app */,
			);
			name = Products;
			sourceTree = "<group>";
		};
		55C3FB2125FDEAEE0052E75C /* Paste-alt-rewrite */ = {
			isa = PBXGroup;
			children = (
				550929712605A204001971F9 /* Classes */,
				55C6765826032362006CCE15 /* Protocols */,
				55C6765326025A68006CCE15 /* Structs */,
				55C6764E260255DD006CCE15 /* Extensions */,
				55C67649260219E8006CCE15 /* Views */,
				55C3FB2225FDEAEE0052E75C /* AppDelegate.swift */,
				55C3FB2425FDEAEE0052E75C /* ContentView.swift */,
				55C3FB2625FDEAF20052E75C /* Assets.xcassets */,
				55C3FB2B25FDEAF20052E75C /* Main.storyboard */,
				55C3FB2E25FDEAF20052E75C /* Info.plist */,
				55C3FB2F25FDEAF20052E75C /* Paste_alt_rewrite.entitlements */,
				55C3FB2825FDEAF20052E75C /* Preview Content */,
				55C79AD726063C3100ED8AD7 /* Constants.swift */,
			);
			path = "Paste-alt-rewrite";
			sourceTree = "<group>";
		};
		55C3FB2825FDEAF20052E75C /* Preview Content */ = {
			isa = PBXGroup;
			children = (
				55C3FB2925FDEAF20052E75C /* Preview Assets.xcassets */,
			);
			path = "Preview Content";
			sourceTree = "<group>";
		};
		55C67649260219E8006CCE15 /* Views */ = {
			isa = PBXGroup;
			children = (
				55C6764A26021A0A006CCE15 /* ClipboardElement.swift */,
				55E53557260363A400B8D42C /* VisualEffectView.swift */,
				5577CBC7260448ED00B56776 /* PreferencesView.swift */,
				5577CBD42604671600B56776 /* AttributedText.swift */,
				55682725260528C30081F54B /* ContentURLView.swift */,
				550929762605A56A001971F9 /* FileURLView.swift */,
				55DF4F1F2608F79C0044DC73 /* PDFView.swift */,
			);
			path = Views;
			sourceTree = "<group>";
		};
		55C6764E260255DD006CCE15 /* Extensions */ = {
			isa = PBXGroup;
			children = (
				55C6764F26025688006CCE15 /* NSNotification.Name+Extensions.swift */,
				55C6765C26032B5E006CCE15 /* Array+Extensions.swift */,
				555033102603325600D5F7C5 /* NSColor+Extensions.swift */,
				5577CBCE26044C7800B56776 /* KeyboardShortcuts.Name+Extensions.swift */,
				5509296E26059E29001971F9 /* String+Extensions.swift */,
				55C79AF02607095300ED8AD7 /* DatabasePool+Extensions.swift */,
			);
			path = Extensions;
			sourceTree = "<group>";
		};
		55C6765326025A68006CCE15 /* Structs */ = {
			isa = PBXGroup;
			children = (
				55C6765426025A89006CCE15 /* SnippetItem.swift */,
				550929722605A294001971F9 /* FileURLStruct.swift */,
			);
			path = Structs;
			sourceTree = "<group>";
		};
		55C6765826032362006CCE15 /* Protocols */ = {
			isa = PBXGroup;
			children = (
				55C6765926032377006CCE15 /* SnippetContentType.swift */,
			);
			path = Protocols;
			sourceTree = "<group>";
		};
/* End PBXGroup section */

/* Begin PBXNativeTarget section */
		55C3FB1E25FDEAEE0052E75C /* Paste-alt-rewrite */ = {
			isa = PBXNativeTarget;
			buildConfigurationList = 55C3FB3225FDEAF20052E75C /* Build configuration list for PBXNativeTarget "Paste-alt-rewrite" */;
			buildPhases = (
				55C3FB1B25FDEAEE0052E75C /* Sources */,
				55C3FB1C25FDEAEE0052E75C /* Frameworks */,
				55C3FB1D25FDEAEE0052E75C /* Resources */,
			);
			buildRules = (
			);
			dependencies = (
			);
			name = "Paste-alt-rewrite";
			packageProductDependencies = (
				55E535482603609A00B8D42C /* UIImageColors */,
				5577CBC02604488400B56776 /* Preferences */,
				5577CBC42604489B00B56776 /* KeyboardShortcuts */,
				5577CBCB26044BF900B56776 /* LaunchAtLogin */,
				55682717260511E00081F54B /* UIColor_Hex_Swift */,
				5568271E260519120081F54B /* SwiftSoup */,
				556827222605192A0081F54B /* Alamofire */,
				5509297D2605F0C3001971F9 /* GRDB */,
			);
			productName = "Paste-alt-rewrite";
			productReference = 55C3FB1F25FDEAEE0052E75C /* Paste-alt-rewrite.app */;
			productType = "com.apple.product-type.application";
		};
/* End PBXNativeTarget section */

/* Begin PBXProject section */
		55C3FB1725FDEAEE0052E75C /* Project object */ = {
			isa = PBXProject;
			attributes = {
				LastSwiftUpdateCheck = 1240;
				LastUpgradeCheck = 1240;
				TargetAttributes = {
					55C3FB1E25FDEAEE0052E75C = {
						CreatedOnToolsVersion = 12.4;
					};
				};
			};
			buildConfigurationList = 55C3FB1A25FDEAEE0052E75C /* Build configuration list for PBXProject "Paste-alt-rewrite" */;
			compatibilityVersion = "Xcode 9.3";
			developmentRegion = en;
			hasScannedForEncodings = 0;
			knownRegions = (
				en,
				Base,
			);
			mainGroup = 55C3FB1625FDEAEE0052E75C;
			packageReferences = (
				55E535472603609A00B8D42C /* XCRemoteSwiftPackageReference "UIImageColors" */,
				5577CBBF2604488400B56776 /* XCRemoteSwiftPackageReference "Preferences" */,
				5577CBC32604489B00B56776 /* XCRemoteSwiftPackageReference "KeyboardShortcuts" */,
				5577CBCA26044BF900B56776 /* XCRemoteSwiftPackageReference "LaunchAtLogin" */,
				55682716260511E00081F54B /* XCRemoteSwiftPackageReference "UIColor-Hex-Swift" */,
				5568271D260519120081F54B /* XCRemoteSwiftPackageReference "SwiftSoup" */,
				556827212605192A0081F54B /* XCRemoteSwiftPackageReference "Alamofire" */,
				5509297C2605F0C3001971F9 /* XCRemoteSwiftPackageReference "GRDB" */,
			);
			productRefGroup = 55C3FB2025FDEAEE0052E75C /* Products */;
			projectDirPath = "";
			projectRoot = "";
			targets = (
				55C3FB1E25FDEAEE0052E75C /* Paste-alt-rewrite */,
			);
		};
/* End PBXProject section */

/* Begin PBXResourcesBuildPhase section */
		55C3FB1D25FDEAEE0052E75C /* Resources */ = {
			isa = PBXResourcesBuildPhase;
			buildActionMask = 2147483647;
			files = (
				55C79AEE260664AF00ED8AD7 /* .gitignore in Resources */,
				55C3FB2D25FDEAF20052E75C /* Main.storyboard in Resources */,
				55C3FB2A25FDEAF20052E75C /* Preview Assets.xcassets in Resources */,
				55E53555260362F500B8D42C /* LICENSE in Resources */,
				55C3FB2725FDEAF20052E75C /* Assets.xcassets in Resources */,
			);
			runOnlyForDeploymentPostprocessing = 0;
		};
/* End PBXResourcesBuildPhase section */

/* Begin PBXSourcesBuildPhase section */
		55C3FB1B25FDEAEE0052E75C /* Sources */ = {
			isa = PBXSourcesBuildPhase;
			buildActionMask = 2147483647;
			files = (
				55682726260528C30081F54B /* ContentURLView.swift in Sources */,
				55C79AD826063C3100ED8AD7 /* Constants.swift in Sources */,
				5509297A2605F041001971F9 /* SnippetContentTable.swift in Sources */,
				55C79AF12607095400ED8AD7 /* DatabasePool+Extensions.swift in Sources */,
				55C3FB2525FDEAEE0052E75C /* ContentView.swift in Sources */,
				55C6765A26032377006CCE15 /* SnippetContentType.swift in Sources */,
				55E53558260363A400B8D42C /* VisualEffectView.swift in Sources */,
				550929772605A56A001971F9 /* FileURLView.swift in Sources */,
				555033112603325600D5F7C5 /* NSColor+Extensions.swift in Sources */,
				55DF4F202608F79C0044DC73 /* PDFView.swift in Sources */,
				55C6765026025688006CCE15 /* NSNotification.Name+Extensions.swift in Sources */,
				550929732605A294001971F9 /* FileURLStruct.swift in Sources */,
				5577CBD52604671600B56776 /* AttributedText.swift in Sources */,
				5577CBC8260448ED00B56776 /* PreferencesView.swift in Sources */,
				5568271B2605167E0081F54B /* URLWithMetadatas.swift in Sources */,
				55C6765D26032B5E006CCE15 /* Array+Extensions.swift in Sources */,
				55C79AE626065F8D00ED8AD7 /* SnippetItems.swift in Sources */,
				5509296F26059E29001971F9 /* String+Extensions.swift in Sources */,
				55C6765526025A89006CCE15 /* SnippetItem.swift in Sources */,
				5577CBCF26044C7800B56776 /* KeyboardShortcuts.Name+Extensions.swift in Sources */,
				55C3FB2325FDEAEE0052E75C /* AppDelegate.swift in Sources */,
				55C6764B26021A0A006CCE15 /* ClipboardElement.swift in Sources */,
			);
			runOnlyForDeploymentPostprocessing = 0;
		};
/* End PBXSourcesBuildPhase section */

/* Begin PBXVariantGroup section */
		55C3FB2B25FDEAF20052E75C /* Main.storyboard */ = {
			isa = PBXVariantGroup;
			children = (
				55C3FB2C25FDEAF20052E75C /* Base */,
			);
			name = Main.storyboard;
			sourceTree = "<group>";
		};
/* End PBXVariantGroup section */

/* Begin XCBuildConfiguration section */
		55C3FB3025FDEAF20052E75C /* Debug */ = {
			isa = XCBuildConfiguration;
			buildSettings = {
				ALWAYS_SEARCH_USER_PATHS = NO;
				CLANG_ANALYZER_NONNULL = YES;
				CLANG_ANALYZER_NUMBER_OBJECT_CONVERSION = YES_AGGRESSIVE;
				CLANG_CXX_LANGUAGE_STANDARD = "gnu++14";
				CLANG_CXX_LIBRARY = "libc++";
				CLANG_ENABLE_MODULES = YES;
				CLANG_ENABLE_OBJC_ARC = YES;
				CLANG_ENABLE_OBJC_WEAK = YES;
				CLANG_WARN_BLOCK_CAPTURE_AUTORELEASING = YES;
				CLANG_WARN_BOOL_CONVERSION = YES;
				CLANG_WARN_COMMA = YES;
				CLANG_WARN_CONSTANT_CONVERSION = YES;
				CLANG_WARN_DEPRECATED_OBJC_IMPLEMENTATIONS = YES;
				CLANG_WARN_DIRECT_OBJC_ISA_USAGE = YES_ERROR;
				CLANG_WARN_DOCUMENTATION_COMMENTS = YES;
				CLANG_WARN_EMPTY_BODY = YES;
				CLANG_WARN_ENUM_CONVERSION = YES;
				CLANG_WARN_INFINITE_RECURSION = YES;
				CLANG_WARN_INT_CONVERSION = YES;
				CLANG_WARN_NON_LITERAL_NULL_CONVERSION = YES;
				CLANG_WARN_OBJC_IMPLICIT_RETAIN_SELF = YES;
				CLANG_WARN_OBJC_LITERAL_CONVERSION = YES;
				CLANG_WARN_OBJC_ROOT_CLASS = YES_ERROR;
				CLANG_WARN_QUOTED_INCLUDE_IN_FRAMEWORK_HEADER = YES;
				CLANG_WARN_RANGE_LOOP_ANALYSIS = YES;
				CLANG_WARN_STRICT_PROTOTYPES = YES;
				CLANG_WARN_SUSPICIOUS_MOVE = YES;
				CLANG_WARN_UNGUARDED_AVAILABILITY = YES_AGGRESSIVE;
				CLANG_WARN_UNREACHABLE_CODE = YES;
				CLANG_WARN__DUPLICATE_METHOD_MATCH = YES;
				COPY_PHASE_STRIP = NO;
				DEBUG_INFORMATION_FORMAT = dwarf;
				ENABLE_STRICT_OBJC_MSGSEND = YES;
				ENABLE_TESTABILITY = YES;
				GCC_C_LANGUAGE_STANDARD = gnu11;
				GCC_DYNAMIC_NO_PIC = NO;
				GCC_NO_COMMON_BLOCKS = YES;
				GCC_OPTIMIZATION_LEVEL = 0;
				GCC_PREPROCESSOR_DEFINITIONS = (
					"DEBUG=1",
					"$(inherited)",
				);
				GCC_WARN_64_TO_32_BIT_CONVERSION = YES;
				GCC_WARN_ABOUT_RETURN_TYPE = YES_ERROR;
				GCC_WARN_UNDECLARED_SELECTOR = YES;
				GCC_WARN_UNINITIALIZED_AUTOS = YES_AGGRESSIVE;
				GCC_WARN_UNUSED_FUNCTION = YES;
				GCC_WARN_UNUSED_VARIABLE = YES;
				MACOSX_DEPLOYMENT_TARGET = 11.1;
				MTL_ENABLE_DEBUG_INFO = INCLUDE_SOURCE;
				MTL_FAST_MATH = YES;
				ONLY_ACTIVE_ARCH = YES;
				SDKROOT = macosx;
				SWIFT_ACTIVE_COMPILATION_CONDITIONS = DEBUG;
				SWIFT_OPTIMIZATION_LEVEL = "-Onone";
			};
			name = Debug;
		};
		55C3FB3125FDEAF20052E75C /* Release */ = {
			isa = XCBuildConfiguration;
			buildSettings = {
				ALWAYS_SEARCH_USER_PATHS = NO;
				CLANG_ANALYZER_NONNULL = YES;
				CLANG_ANALYZER_NUMBER_OBJECT_CONVERSION = YES_AGGRESSIVE;
				CLANG_CXX_LANGUAGE_STANDARD = "gnu++14";
				CLANG_CXX_LIBRARY = "libc++";
				CLANG_ENABLE_MODULES = YES;
				CLANG_ENABLE_OBJC_ARC = YES;
				CLANG_ENABLE_OBJC_WEAK = YES;
				CLANG_WARN_BLOCK_CAPTURE_AUTORELEASING = YES;
				CLANG_WARN_BOOL_CONVERSION = YES;
				CLANG_WARN_COMMA = YES;
				CLANG_WARN_CONSTANT_CONVERSION = YES;
				CLANG_WARN_DEPRECATED_OBJC_IMPLEMENTATIONS = YES;
				CLANG_WARN_DIRECT_OBJC_ISA_USAGE = YES_ERROR;
				CLANG_WARN_DOCUMENTATION_COMMENTS = YES;
				CLANG_WARN_EMPTY_BODY = YES;
				CLANG_WARN_ENUM_CONVERSION = YES;
				CLANG_WARN_INFINITE_RECURSION = YES;
				CLANG_WARN_INT_CONVERSION = YES;
				CLANG_WARN_NON_LITERAL_NULL_CONVERSION = YES;
				CLANG_WARN_OBJC_IMPLICIT_RETAIN_SELF = YES;
				CLANG_WARN_OBJC_LITERAL_CONVERSION = YES;
				CLANG_WARN_OBJC_ROOT_CLASS = YES_ERROR;
				CLANG_WARN_QUOTED_INCLUDE_IN_FRAMEWORK_HEADER = YES;
				CLANG_WARN_RANGE_LOOP_ANALYSIS = YES;
				CLANG_WARN_STRICT_PROTOTYPES = YES;
				CLANG_WARN_SUSPICIOUS_MOVE = YES;
				CLANG_WARN_UNGUARDED_AVAILABILITY = YES_AGGRESSIVE;
				CLANG_WARN_UNREACHABLE_CODE = YES;
				CLANG_WARN__DUPLICATE_METHOD_MATCH = YES;
				COPY_PHASE_STRIP = NO;
				DEBUG_INFORMATION_FORMAT = "dwarf-with-dsym";
				ENABLE_NS_ASSERTIONS = NO;
				ENABLE_STRICT_OBJC_MSGSEND = YES;
				GCC_C_LANGUAGE_STANDARD = gnu11;
				GCC_NO_COMMON_BLOCKS = YES;
				GCC_WARN_64_TO_32_BIT_CONVERSION = YES;
				GCC_WARN_ABOUT_RETURN_TYPE = YES_ERROR;
				GCC_WARN_UNDECLARED_SELECTOR = YES;
				GCC_WARN_UNINITIALIZED_AUTOS = YES_AGGRESSIVE;
				GCC_WARN_UNUSED_FUNCTION = YES;
				GCC_WARN_UNUSED_VARIABLE = YES;
				MACOSX_DEPLOYMENT_TARGET = 11.1;
				MTL_ENABLE_DEBUG_INFO = NO;
				MTL_FAST_MATH = YES;
				SDKROOT = macosx;
				SWIFT_COMPILATION_MODE = wholemodule;
				SWIFT_OPTIMIZATION_LEVEL = "-O";
			};
			name = Release;
		};
		55C3FB3325FDEAF20052E75C /* Debug */ = {
			isa = XCBuildConfiguration;
			buildSettings = {
				ASSETCATALOG_COMPILER_APPICON_NAME = AppIcon;
				ASSETCATALOG_COMPILER_GLOBAL_ACCENT_COLOR_NAME = AccentColor;
				CODE_SIGN_ENTITLEMENTS = "Paste-alt-rewrite/Paste_alt_rewrite.entitlements";
				CODE_SIGN_STYLE = Automatic;
				COMBINE_HIDPI_IMAGES = YES;
				DEVELOPMENT_ASSET_PATHS = "\"Paste-alt-rewrite/Preview Content\"";
				DEVELOPMENT_TEAM = 32Z9KZZ4PU;
				ENABLE_HARDENED_RUNTIME = YES;
				ENABLE_PREVIEWS = YES;
				INFOPLIST_FILE = "Paste-alt-rewrite/Info.plist";
				LD_RUNPATH_SEARCH_PATHS = (
					"$(inherited)",
					"@executable_path/../Frameworks",
				);
				MACOSX_DEPLOYMENT_TARGET = 11.0;
				MARKETING_VERSION = 0.0.2;
				PRODUCT_BUNDLE_IDENTIFIER = "xyz.helloyunho.Paste-alt-rewrite";
				PRODUCT_NAME = "$(TARGET_NAME)";
				SWIFT_VERSION = 5.0;
			};
			name = Debug;
		};
		55C3FB3425FDEAF20052E75C /* Release */ = {
			isa = XCBuildConfiguration;
			buildSettings = {
				ASSETCATALOG_COMPILER_APPICON_NAME = AppIcon;
				ASSETCATALOG_COMPILER_GLOBAL_ACCENT_COLOR_NAME = AccentColor;
				CODE_SIGN_ENTITLEMENTS = "Paste-alt-rewrite/Paste_alt_rewrite.entitlements";
				CODE_SIGN_STYLE = Automatic;
				COMBINE_HIDPI_IMAGES = YES;
				DEVELOPMENT_ASSET_PATHS = "\"Paste-alt-rewrite/Preview Content\"";
				DEVELOPMENT_TEAM = 32Z9KZZ4PU;
				ENABLE_HARDENED_RUNTIME = YES;
				ENABLE_PREVIEWS = YES;
				INFOPLIST_FILE = "Paste-alt-rewrite/Info.plist";
				LD_RUNPATH_SEARCH_PATHS = (
					"$(inherited)",
					"@executable_path/../Frameworks",
				);
				MACOSX_DEPLOYMENT_TARGET = 11.0;
				MARKETING_VERSION = 0.0.2;
				PRODUCT_BUNDLE_IDENTIFIER = "xyz.helloyunho.Paste-alt-rewrite";
				PRODUCT_NAME = "$(TARGET_NAME)";
				SWIFT_VERSION = 5.0;
			};
			name = Release;
		};
/* End XCBuildConfiguration section */

/* Begin XCConfigurationList section */
		55C3FB1A25FDEAEE0052E75C /* Build configuration list for PBXProject "Paste-alt-rewrite" */ = {
			isa = XCConfigurationList;
			buildConfigurations = (
				55C3FB3025FDEAF20052E75C /* Debug */,
				55C3FB3125FDEAF20052E75C /* Release */,
			);
			defaultConfigurationIsVisible = 0;
			defaultConfigurationName = Release;
		};
		55C3FB3225FDEAF20052E75C /* Build configuration list for PBXNativeTarget "Paste-alt-rewrite" */ = {
			isa = XCConfigurationList;
			buildConfigurations = (
				55C3FB3325FDEAF20052E75C /* Debug */,
				55C3FB3425FDEAF20052E75C /* Release */,
			);
			defaultConfigurationIsVisible = 0;
			defaultConfigurationName = Release;
		};
/* End XCConfigurationList section */

/* Begin XCRemoteSwiftPackageReference section */
		5509297C2605F0C3001971F9 /* XCRemoteSwiftPackageReference "GRDB" */ = {
			isa = XCRemoteSwiftPackageReference;
			repositoryURL = "https://github.com/groue/GRDB.swift";
			requirement = {
				kind = upToNextMajorVersion;
				minimumVersion = 5.6.0;
			};
		};
		55682716260511E00081F54B /* XCRemoteSwiftPackageReference "UIColor-Hex-Swift" */ = {
			isa = XCRemoteSwiftPackageReference;
			repositoryURL = "https://github.com/yeahdongcn/UIColor-Hex-Swift";
			requirement = {
				kind = upToNextMajorVersion;
				minimumVersion = 5.1.1;
			};
		};
		5568271D260519120081F54B /* XCRemoteSwiftPackageReference "SwiftSoup" */ = {
			isa = XCRemoteSwiftPackageReference;
			repositoryURL = "https://github.com/scinfu/SwiftSoup";
			requirement = {
				kind = upToNextMajorVersion;
				minimumVersion = 2.3.2;
			};
		};
		556827212605192A0081F54B /* XCRemoteSwiftPackageReference "Alamofire" */ = {
			isa = XCRemoteSwiftPackageReference;
			repositoryURL = "https://github.com/Alamofire/Alamofire";
			requirement = {
				kind = upToNextMajorVersion;
				minimumVersion = 5.4.1;
			};
		};
		5577CBBF2604488400B56776 /* XCRemoteSwiftPackageReference "Preferences" */ = {
			isa = XCRemoteSwiftPackageReference;
			repositoryURL = "https://github.com/sindresorhus/Preferences";
			requirement = {
				kind = upToNextMajorVersion;
				minimumVersion = 2.2.1;
			};
		};
		5577CBC32604489B00B56776 /* XCRemoteSwiftPackageReference "KeyboardShortcuts" */ = {
			isa = XCRemoteSwiftPackageReference;
			repositoryURL = "https://github.com/sindresorhus/KeyboardShortcuts";
			requirement = {
				kind = upToNextMajorVersion;
				minimumVersion = 0.7.1;
			};
		};
		5577CBCA26044BF900B56776 /* XCRemoteSwiftPackageReference "LaunchAtLogin" */ = {
			isa = XCRemoteSwiftPackageReference;
			repositoryURL = "https://github.com/sindresorhus/LaunchAtLogin";
			requirement = {
				kind = upToNextMajorVersion;
				minimumVersion = 4.0.0;
			};
		};
		55E535472603609A00B8D42C /* XCRemoteSwiftPackageReference "UIImageColors" */ = {
			isa = XCRemoteSwiftPackageReference;
			repositoryURL = "https://github.com/YuAo/UIImageColors";
			requirement = {
				branch = "patch-1";
				kind = branch;
			};
		};
/* End XCRemoteSwiftPackageReference section */

/* Begin XCSwiftPackageProductDependency section */
		5509297D2605F0C3001971F9 /* GRDB */ = {
			isa = XCSwiftPackageProductDependency;
			package = 5509297C2605F0C3001971F9 /* XCRemoteSwiftPackageReference "GRDB" */;
			productName = GRDB;
		};
		55682717260511E00081F54B /* UIColor_Hex_Swift */ = {
			isa = XCSwiftPackageProductDependency;
			package = 55682716260511E00081F54B /* XCRemoteSwiftPackageReference "UIColor-Hex-Swift" */;
			productName = UIColor_Hex_Swift;
		};
		5568271E260519120081F54B /* SwiftSoup */ = {
			isa = XCSwiftPackageProductDependency;
			package = 5568271D260519120081F54B /* XCRemoteSwiftPackageReference "SwiftSoup" */;
			productName = SwiftSoup;
		};
		556827222605192A0081F54B /* Alamofire */ = {
			isa = XCSwiftPackageProductDependency;
			package = 556827212605192A0081F54B /* XCRemoteSwiftPackageReference "Alamofire" */;
			productName = Alamofire;
		};
		5577CBC02604488400B56776 /* Preferences */ = {
			isa = XCSwiftPackageProductDependency;
			package = 5577CBBF2604488400B56776 /* XCRemoteSwiftPackageReference "Preferences" */;
			productName = Preferences;
		};
		5577CBC42604489B00B56776 /* KeyboardShortcuts */ = {
			isa = XCSwiftPackageProductDependency;
			package = 5577CBC32604489B00B56776 /* XCRemoteSwiftPackageReference "KeyboardShortcuts" */;
			productName = KeyboardShortcuts;
		};
		5577CBCB26044BF900B56776 /* LaunchAtLogin */ = {
			isa = XCSwiftPackageProductDependency;
			package = 5577CBCA26044BF900B56776 /* XCRemoteSwiftPackageReference "LaunchAtLogin" */;
			productName = LaunchAtLogin;
		};
		55E535482603609A00B8D42C /* UIImageColors */ = {
			isa = XCSwiftPackageProductDependency;
			package = 55E535472603609A00B8D42C /* XCRemoteSwiftPackageReference "UIImageColors" */;
			productName = UIImageColors;
		};
/* End XCSwiftPackageProductDependency section */
	};
	rootObject = 55C3FB1725FDEAEE0052E75C /* Project object */;
}
