{
  "object": {
    "pins": [
      {
        "package": "KeyboardShortcuts",
        "repositoryURL": "https://github.com/sindresorhus/KeyboardShortcuts",
        "state": {
          "branch": null,
          "revision": "61841e4dd562aeeb2206fe90f1e0734e5e2f809c",
          "version": "0.4.0"
        }
      },
      {
        "package": "Preferences",
        "repositoryURL": "https://github.com/sindresorhus/Preferences",
        "state": {
          "branch": null,
          "revision": "dfb7457dc26891b0e9eb55d602f49c54b8e771fd",
          "version": "2.0.1"
        }
      }
    ]
  },
  "version": 1
}
