{
  "object": {
    "pins": [
      {
        "package": "KeyHolder",
        "repositoryURL": "https://github.com/Clipy/KeyHolder",
        "state": {
          "branch": null,
          "revision": "cef9049e47ab9b038e23c2c41e70726d25a97875",
          "version": "4.0.0"
        }
      },
      {
        "package": "Magnet",
        "repositoryURL": "https://github.com/Clipy/Magnet",
        "state": {
          "branch": null,
          "revision": "fbf67cebb2ab6b99786f2b046fbad8fba8524889",
          "version": "3.2.0"
        }
      },
      {
        "package": "Preferences",
        "repositoryURL": "https://github.com/sindresorhus/Preferences",
        "state": {
          "branch": null,
          "revision": "dfb7457dc26891b0e9eb55d602f49c54b8e771fd",
          "version": "2.0.1"
        }
      },
      {
        "package": "Sauce",
        "repositoryURL": "https://github.com/Clipy/Sauce",
        "state": {
          "branch": null,
          "revision": "60508229cecbb915866151ebe9a0bf060a454c84",
          "version": "2.1.0"
        }
      }
    ]
  },
  "version": 1
}
